
Microsoft Visual Studio Solution File, Format Version 11.00
# Visual Studio 2010
Project("{FAE04EC0-301F-11D3-BF4B-00C04F79EFBC}") = "Assembly-CSharp", "Assembly-CSharp.csproj", "{ed78af59-d5e9-493c-8283-495442c9d720}"
EndProject
Project("{FAE04EC0-301F-11D3-BF4B-00C04F79EFBC}") = "Assembly-CSharp-Editor", "Assembly-CSharp-Editor.csproj", "{4adbd38d-4f42-656e-4e56-cd639376983f}"
EndProject
Global
	GlobalSection(SolutionConfigurationPlatforms) = preSolution
		Debug|Any CPU = Debug|Any CPU
	EndGlobalSection
	GlobalSection(ProjectConfigurationPlatforms) = postSolution
		{ed78af59-d5e9-493c-8283-495442c9d720}.Debug|Any CPU.ActiveCfg = Debug|Any CPU
		{ed78af59-d5e9-493c-8283-495442c9d720}.Debug|Any CPU.Build.0 = Debug|Any CPU
		{4adbd38d-4f42-656e-4e56-cd639376983f}.Debug|Any CPU.ActiveCfg = Debug|Any CPU
		{4adbd38d-4f42-656e-4e56-cd639376983f}.Debug|Any CPU.Build.0 = Debug|Any CPU
	EndGlobalSection
	GlobalSection(SolutionProperties) = preSolution
		HideSolutionNode = FALSE
	EndGlobalSection
EndGlobal
